// !$*UTF8*$!
{
	archiveVersion = 1;
	classes = {
	};
	objectVersion = 46;
	objects = {

/* Begin PBXBuildFile section */
		F1BB45C01F0B8F250020A79E /* AppDelegate.swift in Sources */ = {isa = PBXBuildFile; fileRef = F1BB45BF1F0B8F250020A79E /* AppDelegate.swift */; };
		F1BB45C21F0B8F250020A79E /* ViewController.swift in Sources */ = {isa = PBXBuildFile; fileRef = F1BB45C11F0B8F250020A79E /* ViewController.swift */; };
		F1BB45C51F0B8F250020A79E /* Main.storyboard in Resources */ = {isa = PBXBuildFile; fileRef = F1BB45C31F0B8F250020A79E /* Main.storyboard */; };
		F1BB45C71F0B8F250020A79E /* Assets.xcassets in Resources */ = {isa = PBXBuildFile; fileRef = F1BB45C61F0B8F250020A79E /* Assets.xcassets */; };
		F1BB45CA1F0B8F250020A79E /* LaunchScreen.storyboard in Resources */ = {isa = PBXBuildFile; fileRef = F1BB45C81F0B8F250020A79E /* LaunchScreen.storyboard */; };
		F1BB45D51F0B8F250020A79E /* CalculatorTests.swift in Sources */ = {isa = PBXBuildFile; fileRef = F1BB45D41F0B8F250020A79E /* CalculatorTests.swift */; };
/* End PBXBuildFile section */

/* Begin PBXContainerItemProxy section */
		F1BB45D11F0B8F250020A79E /* PBXContainerItemProxy */ = {
			isa = PBXContainerItemProxy;
			containerPortal = F1BB45B41F0B8F250020A79E /* Project object */;
			proxyType = 1;
			remoteGlobalIDString = F1BB45BB1F0B8F250020A79E;
			remoteInfo = Calculator;
		};
/* End PBXContainerItemProxy section */

/* Begin PBXFileReference section */
		F1BB45BC1F0B8F250020A79E /* Calculator.app */ = {isa = PBXFileReference; explicitFileType = wrapper.application; includeInIndex = 0; path = Calculator.app; sourceTree = BUILT_PRODUCTS_DIR; };
		F1BB45BF1F0B8F250020A79E /* AppDelegate.swift */ = {isa = PBXFileReference; lastKnownFileType = sourcecode.swift; path = AppDelegate.swift; sourceTree = "<group>"; };
		F1BB45C11F0B8F250020A79E /* ViewController.swift */ = {isa = PBXFileReference; lastKnownFileType = sourcecode.swift; path = ViewController.swift; sourceTree = "<group>"; };
		F1BB45C41F0B8F250020A79E /* Base */ = {isa = PBXFileReference; lastKnownFileType = file.storyboard; name = Base; path = Base.lproj/Main.storyboard; sourceTree = "<group>"; };
		F1BB45C61F0B8F250020A79E /* Assets.xcassets */ = {isa = PBXFileReference; lastKnownFileType = folder.assetcatalog; path = Assets.xcassets; sourceTree = "<group>"; };
		F1BB45C91F0B8F250020A79E /* Base */ = {isa = PBXFileReference; lastKnownFileType = file.storyboard; name = Base; path = Base.lproj/LaunchScreen.storyboard; sourceTree = "<group>"; };
		F1BB45CB1F0B8F250020A79E /* Info.plist */ = {isa = PBXFileReference; lastKnownFileType = text.plist.xml; path = Info.plist; sourceTree = "<group>"; };
		F1BB45D01F0B8F250020A79E /* CalculatorTests.xctest */ = {isa = PBXFileReference; explicitFileType = wrapper.cfbundle; includeInIndex = 0; path = CalculatorTests.xctest; sourceTree = BUILT_PRODUCTS_DIR; };
		F1BB45D41F0B8F250020A79E /* CalculatorTests.swift */ = {isa = PBXFileReference; lastKnownFileType = sourcecode.swift; path = CalculatorTests.swift; sourceTree = "<group>"; };
		F1BB45D61F0B8F250020A79E /* Info.plist */ = {isa = PBXFileReference; lastKnownFileType = text.plist.xml; path = Info.plist; sourceTree = "<group>"; };
/* End PBXFileReference section */

/* Begin PBXFrameworksBuildPhase section */
		F1BB45B91F0B8F250020A79E /* Frameworks */ = {
			isa = PBXFrameworksBuildPhase;
			buildActionMask = 2147483647;
			files = (
			);
			runOnlyForDeploymentPostprocessing = 0;
		};
		F1BB45CD1F0B8F250020A79E /* Frameworks */ = {
			isa = PBXFrameworksBuildPhase;
			buildActionMask = 2147483647;
			files = (
			);
			runOnlyForDeploymentPostprocessing = 0;
		};
/* End PBXFrameworksBuildPhase section */

/* Begin PBXGroup section */
		F1BB45B31F0B8F250020A79E = {
			isa = PBXGroup;
			children = (
				F1BB45BE1F0B8F250020A79E /* Calculator */,
				F1BB45D31F0B8F250020A79E /* CalculatorTests */,
				F1BB45BD1F0B8F250020A79E /* Products */,
			);
			sourceTree = "<group>";
		};
		F1BB45BD1F0B8F250020A79E /* Products */ = {
			isa = PBXGroup;
			children = (
				F1BB45BC1F0B8F250020A79E /* Calculator.app */,
				F1BB45D01F0B8F250020A79E /* CalculatorTests.xctest */,
			);
			name = Products;
			sourceTree = "<group>";
		};
		F1BB45BE1F0B8F250020A79E /* Calculator */ = {
			isa = PBXGroup;
			children = (
				F1BB45BF1F0B8F250020A79E /* AppDelegate.swift */,
				F1BB45C11F0B8F250020A79E /* ViewController.swift */,
				F1BB45C31F0B8F250020A79E /* Main.storyboard */,
				F1BB45C61F0B8F250020A79E /* Assets.xcassets */,
				F1BB45C81F0B8F250020A79E /* LaunchScreen.storyboard */,
				F1BB45CB1F0B8F250020A79E /* Info.plist */,
			);
			path = Calculator;
			sourceTree = "<group>";
		};
		F1BB45D31F0B8F250020A79E /* CalculatorTests */ = {
			isa = PBXGroup;
			children = (
				F1BB45D41F0B8F250020A79E /* CalculatorTests.swift */,
				F1BB45D61F0B8F250020A79E /* Info.plist */,
			);
			path = CalculatorTests;
			sourceTree = "<group>";
		};
/* End PBXGroup section */

/* Begin PBXNativeTarget section */
		F1BB45BB1F0B8F250020A79E /* Calculator */ = {
			isa = PBXNativeTarget;
			buildConfigurationList = F1BB45D91F0B8F250020A79E /* Build configuration list for PBXNativeTarget "Calculator" */;
			buildPhases = (
				F1BB45B81F0B8F250020A79E /* Sources */,
				F1BB45B91F0B8F250020A79E /* Frameworks */,
				F1BB45BA1F0B8F250020A79E /* Resources */,
			);
			buildRules = (
			);
			dependencies = (
			);
			name = Calculator;
			productName = Calculator;
			productReference = F1BB45BC1F0B8F250020A79E /* Calculator.app */;
			productType = "com.apple.product-type.application";
		};
		F1BB45CF1F0B8F250020A79E /* CalculatorTests */ = {
			isa = PBXNativeTarget;
			buildConfigurationList = F1BB45DC1F0B8F250020A79E /* Build configuration list for PBXNativeTarget "CalculatorTests" */;
			buildPhases = (
				F1BB45CC1F0B8F250020A79E /* Sources */,
				F1BB45CD1F0B8F250020A79E /* Frameworks */,
				F1BB45CE1F0B8F250020A79E /* Resources */,
			);
			buildRules = (
			);
			dependencies = (
				F1BB45D21F0B8F250020A79E /* PBXTargetDependency */,
			);
			name = CalculatorTests;
			productName = CalculatorTests;
			productReference = F1BB45D01F0B8F250020A79E /* CalculatorTests.xctest */;
			productType = "com.apple.product-type.bundle.unit-test";
		};
/* End PBXNativeTarget section */

/* Begin PBXProject section */
		F1BB45B41F0B8F250020A79E /* Project object */ = {
			isa = PBXProject;
			attributes = {
				LastSwiftUpdateCheck = 0830;
				LastUpgradeCheck = 0830;
				ORGANIZATIONNAME = "Diego Azevedo";
				TargetAttributes = {
					F1BB45BB1F0B8F250020A79E = {
						CreatedOnToolsVersion = 8.3.3;
						DevelopmentTeam = 4P7L7DS3J4;
						ProvisioningStyle = Automatic;
					};
					F1BB45CF1F0B8F250020A79E = {
						CreatedOnToolsVersion = 8.3.3;
						DevelopmentTeam = 4P7L7DS3J4;
						ProvisioningStyle = Automatic;
						TestTargetID = F1BB45BB1F0B8F250020A79E;
					};
				};
			};
			buildConfigurationList = F1BB45B71F0B8F250020A79E /* Build configuration list for PBXProject "Calculator" */;
			compatibilityVersion = "Xcode 3.2";
			developmentRegion = English;
			hasScannedForEncodings = 0;
			knownRegions = (
				en,
				Base,
			);
			mainGroup = F1BB45B31F0B8F250020A79E;
			productRefGroup = F1BB45BD1F0B8F250020A79E /* Products */;
			projectDirPath = "";
			projectRoot = "";
			targets = (
				F1BB45BB1F0B8F250020A79E /* Calculator */,
				F1BB45CF1F0B8F250020A79E /* CalculatorTests */,
			);
		};
/* End PBXProject section */

/* Begin PBXResourcesBuildPhase section */
		F1BB45BA1F0B8F250020A79E /* Resources */ = {
			isa = PBXResourcesBuildPhase;
			buildActionMask = 2147483647;
			files = (
				F1BB45CA1F0B8F250020A79E /* LaunchScreen.storyboard in Resources */,
				F1BB45C71F0B8F250020A79E /* Assets.xcassets in Resources */,
				F1BB45C51F0B8F250020A79E /* Main.storyboard in Resources */,
			);
			runOnlyForDeploymentPostprocessing = 0;
		};
		F1BB45CE1F0B8F250020A79E /* Resources */ = {
			isa = PBXResourcesBuildPhase;
			buildActionMask = 2147483647;
			files = (
			);
			runOnlyForDeploymentPostprocessing = 0;
		};
/* End PBXResourcesBuildPhase section */

/* Begin PBXSourcesBuildPhase section */
		F1BB45B81F0B8F250020A79E /* Sources */ = {
			isa = PBXSourcesBuildPhase;
			buildActionMask = 2147483647;
			files = (
				F1BB45C21F0B8F250020A79E /* ViewController.swift in Sources */,
				F1BB45C01F0B8F250020A79E /* AppDelegate.swift in Sources */,
			);
			runOnlyForDeploymentPostprocessing = 0;
		};
		F1BB45CC1F0B8F250020A79E /* Sources */ = {
			isa = PBXSourcesBuildPhase;
			buildActionMask = 2147483647;
			files = (
				F1BB45D51F0B8F250020A79E /* CalculatorTests.swift in Sources */,
			);
			runOnlyForDeploymentPostprocessing = 0;
		};
/* End PBXSourcesBuildPhase section */

/* Begin PBXTargetDependency section */
		F1BB45D21F0B8F250020A79E /* PBXTargetDependency */ = {
			isa = PBXTargetDependency;
			target = F1BB45BB1F0B8F250020A79E /* Calculator */;
			targetProxy = F1BB45D11F0B8F250020A79E /* PBXContainerItemProxy */;
		};
/* End PBXTargetDependency section */

/* Begin PBXVariantGroup section */
		F1BB45C31F0B8F250020A79E /* Main.storyboard */ = {
			isa = PBXVariantGroup;
			children = (
				F1BB45C41F0B8F250020A79E /* Base */,
			);
			name = Main.storyboard;
			sourceTree = "<group>";
		};
		F1BB45C81F0B8F250020A79E /* LaunchScreen.storyboard */ = {
			isa = PBXVariantGroup;
			children = (
				F1BB45C91F0B8F250020A79E /* Base */,
			);
			name = LaunchScreen.storyboard;
			sourceTree = "<group>";
		};
/* End PBXVariantGroup section */

/* Begin XCBuildConfiguration section */
		F1BB45D71F0B8F250020A79E /* Debug */ = {
			isa = XCBuildConfiguration;
			buildSettings = {
				ALWAYS_SEARCH_USER_PATHS = NO;
				CLANG_ANALYZER_NONNULL = YES;
				CLANG_ANALYZER_NUMBER_OBJECT_CONVERSION = YES_AGGRESSIVE;
				CLANG_CXX_LANGUAGE_STANDARD = "gnu++0x";
				CLANG_CXX_LIBRARY = "libc++";
				CLANG_ENABLE_MODULES = YES;
				CLANG_ENABLE_OBJC_ARC = YES;
				CLANG_WARN_BOOL_CONVERSION = YES;
				CLANG_WARN_CONSTANT_CONVERSION = YES;
				CLANG_WARN_DIRECT_OBJC_ISA_USAGE = YES_ERROR;
				CLANG_WARN_DOCUMENTATION_COMMENTS = YES;
				CLANG_WARN_EMPTY_BODY = YES;
				CLANG_WARN_ENUM_CONVERSION = YES;
				CLANG_WARN_INFINITE_RECURSION = YES;
				CLANG_WARN_INT_CONVERSION = YES;
				CLANG_WARN_OBJC_ROOT_CLASS = YES_ERROR;
				CLANG_WARN_SUSPICIOUS_MOVE = YES;
				CLANG_WARN_UNREACHABLE_CODE = YES;
				CLANG_WARN__DUPLICATE_METHOD_MATCH = YES;
				"CODE_SIGN_IDENTITY[sdk=iphoneos*]" = "iPhone Developer";
				COPY_PHASE_STRIP = NO;
				DEBUG_INFORMATION_FORMAT = dwarf;
				ENABLE_STRICT_OBJC_MSGSEND = YES;
				ENABLE_TESTABILITY = YES;
				GCC_C_LANGUAGE_STANDARD = gnu99;
				GCC_DYNAMIC_NO_PIC = NO;
				GCC_NO_COMMON_BLOCKS = YES;
				GCC_OPTIMIZATION_LEVEL = 0;
				GCC_PREPROCESSOR_DEFINITIONS = (
					"DEBUG=1",
					"$(inherited)",
				);
				GCC_WARN_64_TO_32_BIT_CONVERSION = YES;
				GCC_WARN_ABOUT_RETURN_TYPE = YES_ERROR;
				GCC_WARN_UNDECLARED_SELECTOR = YES;
				GCC_WARN_UNINITIALIZED_AUTOS = YES_AGGRESSIVE;
				GCC_WARN_UNUSED_FUNCTION = YES;
				GCC_WARN_UNUSED_VARIABLE = YES;
				IPHONEOS_DEPLOYMENT_TARGET = 10.3;
				MTL_ENABLE_DEBUG_INFO = YES;
				ONLY_ACTIVE_ARCH = YES;
				SDKROOT = iphoneos;
				SWIFT_ACTIVE_COMPILATION_CONDITIONS = DEBUG;
				SWIFT_OPTIMIZATION_LEVEL = "-Onone";
				TARGETED_DEVICE_FAMILY = "1,2";
			};
			name = Debug;
		};
		F1BB45D81F0B8F250020A79E /* Release */ = {
			isa = XCBuildConfiguration;
			buildSettings = {
				ALWAYS_SEARCH_USER_PATHS = NO;
				CLANG_ANALYZER_NONNULL = YES;
				CLANG_ANALYZER_NUMBER_OBJECT_CONVERSION = YES_AGGRESSIVE;
				CLANG_CXX_LANGUAGE_STANDARD = "gnu++0x";
				CLANG_CXX_LIBRARY = "libc++";
				CLANG_ENABLE_MODULES = YES;
				CLANG_ENABLE_OBJC_ARC = YES;
				CLANG_WARN_BOOL_CONVERSION = YES;
				CLANG_WARN_CONSTANT_CONVERSION = YES;
				CLANG_WARN_DIRECT_OBJC_ISA_USAGE = YES_ERROR;
				CLANG_WARN_DOCUMENTATION_COMMENTS = YES;
				CLANG_WARN_EMPTY_BODY = YES;
				CLANG_WARN_ENUM_CONVERSION = YES;
				CLANG_WARN_INFINITE_RECURSION = YES;
				CLANG_WARN_INT_CONVERSION = YES;
				CLANG_WARN_OBJC_ROOT_CLASS = YES_ERROR;
				CLANG_WARN_SUSPICIOUS_MOVE = YES;
				CLANG_WARN_UNREACHABLE_CODE = YES;
				CLANG_WARN__DUPLICATE_METHOD_MATCH = YES;
				"CODE_SIGN_IDENTITY[sdk=iphoneos*]" = "iPhone Developer";
				COPY_PHASE_STRIP = NO;
				DEBUG_INFORMATION_FORMAT = "dwarf-with-dsym";
				ENABLE_NS_ASSERTIONS = NO;
				ENABLE_STRICT_OBJC_MSGSEND = YES;
				GCC_C_LANGUAGE_STANDARD = gnu99;
				GCC_NO_COMMON_BLOCKS = YES;
				GCC_WARN_64_TO_32_BIT_CONVERSION = YES;
				GCC_WARN_ABOUT_RETURN_TYPE = YES_ERROR;
				GCC_WARN_UNDECLARED_SELECTOR = YES;
				GCC_WARN_UNINITIALIZED_AUTOS = YES_AGGRESSIVE;
				GCC_WARN_UNUSED_FUNCTION = YES;
				GCC_WARN_UNUSED_VARIABLE = YES;
				IPHONEOS_DEPLOYMENT_TARGET = 10.3;
				MTL_ENABLE_DEBUG_INFO = NO;
				SDKROOT = iphoneos;
				SWIFT_OPTIMIZATION_LEVEL = "-Owholemodule";
				TARGETED_DEVICE_FAMILY = "1,2";
				VALIDATE_PRODUCT = YES;
			};
			name = Release;
		};
		F1BB45DA1F0B8F250020A79E /* Debug */ = {
			isa = XCBuildConfiguration;
			buildSettings = {
				ASSETCATALOG_COMPILER_APPICON_NAME = AppIcon;
				DEVELOPMENT_TEAM = 4P7L7DS3J4;
				INFOPLIST_FILE = Calculator/Info.plist;
				LD_RUNPATH_SEARCH_PATHS = "$(inherited) @executable_path/Frameworks";
				PRODUCT_BUNDLE_IDENTIFIER = br.com.dra2840.Calculator;
				PRODUCT_NAME = "$(TARGET_NAME)";
				SWIFT_VERSION = 3.0;
			};
			name = Debug;
		};
		F1BB45DB1F0B8F250020A79E /* Release */ = {
			isa = XCBuildConfiguration;
			buildSettings = {
				ASSETCATALOG_COMPILER_APPICON_NAME = AppIcon;
				DEVELOPMENT_TEAM = 4P7L7DS3J4;
				INFOPLIST_FILE = Calculator/Info.plist;
				LD_RUNPATH_SEARCH_PATHS = "$(inherited) @executable_path/Frameworks";
				PRODUCT_BUNDLE_IDENTIFIER = br.com.dra2840.Calculator;
				PRODUCT_NAME = "$(TARGET_NAME)";
				SWIFT_VERSION = 3.0;
			};
			name = Release;
		};
		F1BB45DD1F0B8F250020A79E /* Debug */ = {
			isa = XCBuildConfiguration;
			buildSettings = {
				ALWAYS_EMBED_SWIFT_STANDARD_LIBRARIES = YES;
				BUNDLE_LOADER = "$(TEST_HOST)";
				DEVELOPMENT_TEAM = 4P7L7DS3J4;
				INFOPLIST_FILE = CalculatorTests/Info.plist;
				LD_RUNPATH_SEARCH_PATHS = "$(inherited) @executable_path/Frameworks @loader_path/Frameworks";
				PRODUCT_BUNDLE_IDENTIFIER = br.com.dra2840.CalculatorTests;
				PRODUCT_NAME = "$(TARGET_NAME)";
				SWIFT_VERSION = 3.0;
				TEST_HOST = "$(BUILT_PRODUCTS_DIR)/Calculator.app/Calculator";
			};
			name = Debug;
		};
		F1BB45DE1F0B8F250020A79E /* Release */ = {
			isa = XCBuildConfiguration;
			buildSettings = {
				ALWAYS_EMBED_SWIFT_STANDARD_LIBRARIES = YES;
				BUNDLE_LOADER = "$(TEST_HOST)";
				DEVELOPMENT_TEAM = 4P7L7DS3J4;
				INFOPLIST_FILE = CalculatorTests/Info.plist;
				LD_RUNPATH_SEARCH_PATHS = "$(inherited) @executable_path/Frameworks @loader_path/Frameworks";
				PRODUCT_BUNDLE_IDENTIFIER = br.com.dra2840.CalculatorTests;
				PRODUCT_NAME = "$(TARGET_NAME)";
				SWIFT_VERSION = 3.0;
				TEST_HOST = "$(BUILT_PRODUCTS_DIR)/Calculator.app/Calculator";
			};
			name = Release;
		};
/* End XCBuildConfiguration section */

/* Begin XCConfigurationList section */
		F1BB45B71F0B8F250020A79E /* Build configuration list for PBXProject "Calculator" */ = {
			isa = XCConfigurationList;
			buildConfigurations = (
				F1BB45D71F0B8F250020A79E /* Debug */,
				F1BB45D81F0B8F250020A79E /* Release */,
			);
			defaultConfigurationIsVisible = 0;
			defaultConfigurationName = Release;
		};
		F1BB45D91F0B8F250020A79E /* Build configuration list for PBXNativeTarget "Calculator" */ = {
			isa = XCConfigurationList;
			buildConfigurations = (
				F1BB45DA1F0B8F250020A79E /* Debug */,
				F1BB45DB1F0B8F250020A79E /* Release */,
			);
			defaultConfigurationIsVisible = 0;
		};
		F1BB45DC1F0B8F250020A79E /* Build configuration list for PBXNativeTarget "CalculatorTests" */ = {
			isa = XCConfigurationList;
			buildConfigurations = (
				F1BB45DD1F0B8F250020A79E /* Debug */,
				F1BB45DE1F0B8F250020A79E /* Release */,
			);
			defaultConfigurationIsVisible = 0;
		};
/* End XCConfigurationList section */
	};
	rootObject = F1BB45B41F0B8F250020A79E /* Project object */;
}
